// !$*UTF8*$!
{
	archiveVersion = 1;
	classes = {
	};
	objectVersion = 46;
	objects = {

/* Begin PBXBuildFile section */
		EAFA336F1A85AF19003D136A /* main.m in Sources */ = {isa = PBXBuildFile; fileRef = EAFA336E1A85AF19003D136A /* main.m */; };
		EAFA33721A85AF19003D136A /* AppDelegate.m in Sources */ = {isa = PBXBuildFile; fileRef = EAFA33711A85AF19003D136A /* AppDelegate.m */; };
		EAFA33751A85AF19003D136A /* ViewController.m in Sources */ = {isa = PBXBuildFile; fileRef = EAFA33741A85AF19003D136A /* ViewController.m */; };
		EAFA33781A85AF19003D136A /* Main.storyboard in Resources */ = {isa = PBXBuildFile; fileRef = EAFA33761A85AF19003D136A /* Main.storyboard */; };
		EAFA337A1A85AF19003D136A /* Images.xcassets in Resources */ = {isa = PBXBuildFile; fileRef = EAFA33791A85AF19003D136A /* Images.xcassets */; };
		EAFA337D1A85AF19003D136A /* LaunchScreen.xib in Resources */ = {isa = PBXBuildFile; fileRef = EAFA337B1A85AF19003D136A /* LaunchScreen.xib */; };
		EAFA33891A85AF19003D136A /* LiveNationHomework1Tests.m in Sources */ = {isa = PBXBuildFile; fileRef = EAFA33881A85AF19003D136A /* LiveNationHomework1Tests.m */; };
/* End PBXBuildFile section */

/* Begin PBXContainerItemProxy section */
		EAFA33831A85AF19003D136A /* PBXContainerItemProxy */ = {
			isa = PBXContainerItemProxy;
			containerPortal = EAFA33611A85AF19003D136A /* Project object */;
			proxyType = 1;
			remoteGlobalIDString = EAFA33681A85AF19003D136A;
			remoteInfo = LiveNationHomework1;
		};
/* End PBXContainerItemProxy section */

/* Begin PBXFileReference section */
		EAFA33691A85AF19003D136A /* LiveNationHomework1.app */ = {isa = PBXFileReference; explicitFileType = wrapper.application; includeInIndex = 0; path = LiveNationHomework1.app; sourceTree = BUILT_PRODUCTS_DIR; };
		EAFA336D1A85AF19003D136A /* Info.plist */ = {isa = PBXFileReference; lastKnownFileType = text.plist.xml; path = Info.plist; sourceTree = "<group>"; };
		EAFA336E1A85AF19003D136A /* main.m */ = {isa = PBXFileReference; lastKnownFileType = sourcecode.c.objc; path = main.m; sourceTree = "<group>"; };
		EAFA33701A85AF19003D136A /* AppDelegate.h */ = {isa = PBXFileReference; lastKnownFileType = sourcecode.c.h; path = AppDelegate.h; sourceTree = "<group>"; };
		EAFA33711A85AF19003D136A /* AppDelegate.m */ = {isa = PBXFileReference; lastKnownFileType = sourcecode.c.objc; path = AppDelegate.m; sourceTree = "<group>"; };
		EAFA33731A85AF19003D136A /* ViewController.h */ = {isa = PBXFileReference; lastKnownFileType = sourcecode.c.h; path = ViewController.h; sourceTree = "<group>"; };
		EAFA33741A85AF19003D136A /* ViewController.m */ = {isa = PBXFileReference; lastKnownFileType = sourcecode.c.objc; path = ViewController.m; sourceTree = "<group>"; };
		EAFA33771A85AF19003D136A /* Base */ = {isa = PBXFileReference; lastKnownFileType = file.storyboard; name = Base; path = Base.lproj/Main.storyboard; sourceTree = "<group>"; };
		EAFA33791A85AF19003D136A /* Images.xcassets */ = {isa = PBXFileReference; lastKnownFileType = folder.assetcatalog; path = Images.xcassets; sourceTree = "<group>"; };
		EAFA337C1A85AF19003D136A /* Base */ = {isa = PBXFileReference; lastKnownFileType = file.xib; name = Base; path = Base.lproj/LaunchScreen.xib; sourceTree = "<group>"; };
		EAFA33821A85AF19003D136A /* LiveNationHomework1Tests.xctest */ = {isa = PBXFileReference; explicitFileType = wrapper.cfbundle; includeInIndex = 0; path = LiveNationHomework1Tests.xctest; sourceTree = BUILT_PRODUCTS_DIR; };
		EAFA33871A85AF19003D136A /* Info.plist */ = {isa = PBXFileReference; lastKnownFileType = text.plist.xml; path = Info.plist; sourceTree = "<group>"; };
		EAFA33881A85AF19003D136A /* LiveNationHomework1Tests.m */ = {isa = PBXFileReference; lastKnownFileType = sourcecode.c.objc; path = LiveNationHomework1Tests.m; sourceTree = "<group>"; };
/* End PBXFileReference section */

/* Begin PBXFrameworksBuildPhase section */
		EAFA33661A85AF19003D136A /* Frameworks */ = {
			isa = PBXFrameworksBuildPhase;
			buildActionMask = 2147483647;
			files = (
			);
			runOnlyForDeploymentPostprocessing = 0;
		};
		EAFA337F1A85AF19003D136A /* Frameworks */ = {
			isa = PBXFrameworksBuildPhase;
			buildActionMask = 2147483647;
			files = (
			);
			runOnlyForDeploymentPostprocessing = 0;
		};
/* End PBXFrameworksBuildPhase section */

/* Begin PBXGroup section */
		EAFA33601A85AF19003D136A = {
			isa = PBXGroup;
			children = (
				EAFA336B1A85AF19003D136A /* LiveNationHomework1 */,
				EAFA33851A85AF19003D136A /* LiveNationHomework1Tests */,
				EAFA336A1A85AF19003D136A /* Products */,
			);
			sourceTree = "<group>";
		};
		EAFA336A1A85AF19003D136A /* Products */ = {
			isa = PBXGroup;
			children = (
				EAFA33691A85AF19003D136A /* LiveNationHomework1.app */,
				EAFA33821A85AF19003D136A /* LiveNationHomework1Tests.xctest */,
			);
			name = Products;
			sourceTree = "<group>";
		};
		EAFA336B1A85AF19003D136A /* LiveNationHomework1 */ = {
			isa = PBXGroup;
			children = (
				EAFA33701A85AF19003D136A /* AppDelegate.h */,
				EAFA33711A85AF19003D136A /* AppDelegate.m */,
				EAFA33731A85AF19003D136A /* ViewController.h */,
				EAFA33741A85AF19003D136A /* ViewController.m */,
				EAFA33761A85AF19003D136A /* Main.storyboard */,
				EAFA33791A85AF19003D136A /* Images.xcassets */,
				EAFA337B1A85AF19003D136A /* LaunchScreen.xib */,
				EAFA336C1A85AF19003D136A /* Supporting Files */,
			);
			path = LiveNationHomework1;
			sourceTree = "<group>";
		};
		EAFA336C1A85AF19003D136A /* Supporting Files */ = {
			isa = PBXGroup;
			children = (
				EAFA336D1A85AF19003D136A /* Info.plist */,
				EAFA336E1A85AF19003D136A /* main.m */,
			);
			name = "Supporting Files";
			sourceTree = "<group>";
		};
		EAFA33851A85AF19003D136A /* LiveNationHomework1Tests */ = {
			isa = PBXGroup;
			children = (
				EAFA33881A85AF19003D136A /* LiveNationHomework1Tests.m */,
				EAFA33861A85AF19003D136A /* Supporting Files */,
			);
			path = LiveNationHomework1Tests;
			sourceTree = "<group>";
		};
		EAFA33861A85AF19003D136A /* Supporting Files */ = {
			isa = PBXGroup;
			children = (
				EAFA33871A85AF19003D136A /* Info.plist */,
			);
			name = "Supporting Files";
			sourceTree = "<group>";
		};
/* End PBXGroup section */

/* Begin PBXNativeTarget section */
		EAFA33681A85AF19003D136A /* LiveNationHomework1 */ = {
			isa = PBXNativeTarget;
			buildConfigurationList = EAFA338C1A85AF19003D136A /* Build configuration list for PBXNativeTarget "LiveNationHomework1" */;
			buildPhases = (
				EAFA33651A85AF19003D136A /* Sources */,
				EAFA33661A85AF19003D136A /* Frameworks */,
				EAFA33671A85AF19003D136A /* Resources */,
			);
			buildRules = (
			);
			dependencies = (
			);
			name = LiveNationHomework1;
			productName = LiveNationHomework1;
			productReference = EAFA33691A85AF19003D136A /* LiveNationHomework1.app */;
			productType = "com.apple.product-type.application";
		};
		EAFA33811A85AF19003D136A /* LiveNationHomework1Tests */ = {
			isa = PBXNativeTarget;
			buildConfigurationList = EAFA338F1A85AF19003D136A /* Build configuration list for PBXNativeTarget "LiveNationHomework1Tests" */;
			buildPhases = (
				EAFA337E1A85AF19003D136A /* Sources */,
				EAFA337F1A85AF19003D136A /* Frameworks */,
				EAFA33801A85AF19003D136A /* Resources */,
			);
			buildRules = (
			);
			dependencies = (
				EAFA33841A85AF19003D136A /* PBXTargetDependency */,
			);
			name = LiveNationHomework1Tests;
			productName = LiveNationHomework1Tests;
			productReference = EAFA33821A85AF19003D136A /* LiveNationHomework1Tests.xctest */;
			productType = "com.apple.product-type.bundle.unit-test";
		};
/* End PBXNativeTarget section */

/* Begin PBXProject section */
		EAFA33611A85AF19003D136A /* Project object */ = {
			isa = PBXProject;
			attributes = {
				LastUpgradeCheck = 0610;
				ORGANIZATIONNAME = "Mark Christenson";
				TargetAttributes = {
					EAFA33681A85AF19003D136A = {
						CreatedOnToolsVersion = 6.1.1;
					};
					EAFA33811A85AF19003D136A = {
						CreatedOnToolsVersion = 6.1.1;
						TestTargetID = EAFA33681A85AF19003D136A;
					};
				};
			};
			buildConfigurationList = EAFA33641A85AF19003D136A /* Build configuration list for PBXProject "LiveNationHomework1" */;
			compatibilityVersion = "Xcode 3.2";
			developmentRegion = English;
			hasScannedForEncodings = 0;
			knownRegions = (
				en,
				Base,
			);
			mainGroup = EAFA33601A85AF19003D136A;
			productRefGroup = EAFA336A1A85AF19003D136A /* Products */;
			projectDirPath = "";
			projectRoot = "";
			targets = (
				EAFA33681A85AF19003D136A /* LiveNationHomework1 */,
				EAFA33811A85AF19003D136A /* LiveNationHomework1Tests */,
			);
		};
/* End PBXProject section */

/* Begin PBXResourcesBuildPhase section */
		EAFA33671A85AF19003D136A /* Resources */ = {
			isa = PBXResourcesBuildPhase;
			buildActionMask = 2147483647;
			files = (
				EAFA33781A85AF19003D136A /* Main.storyboard in Resources */,
				EAFA337D1A85AF19003D136A /* LaunchScreen.xib in Resources */,
				EAFA337A1A85AF19003D136A /* Images.xcassets in Resources */,
			);
			runOnlyForDeploymentPostprocessing = 0;
		};
		EAFA33801A85AF19003D136A /* Resources */ = {
			isa = PBXResourcesBuildPhase;
			buildActionMask = 2147483647;
			files = (
			);
			runOnlyForDeploymentPostprocessing = 0;
		};
/* End PBXResourcesBuildPhase section */

/* Begin PBXSourcesBuildPhase section */
		EAFA33651A85AF19003D136A /* Sources */ = {
			isa = PBXSourcesBuildPhase;
			buildActionMask = 2147483647;
			files = (
				EAFA33751A85AF19003D136A /* ViewController.m in Sources */,
				EAFA33721A85AF19003D136A /* AppDelegate.m in Sources */,
				EAFA336F1A85AF19003D136A /* main.m in Sources */,
			);
			runOnlyForDeploymentPostprocessing = 0;
		};
		EAFA337E1A85AF19003D136A /* Sources */ = {
			isa = PBXSourcesBuildPhase;
			buildActionMask = 2147483647;
			files = (
				EAFA33891A85AF19003D136A /* LiveNationHomework1Tests.m in Sources */,
			);
			runOnlyForDeploymentPostprocessing = 0;
		};
/* End PBXSourcesBuildPhase section */

/* Begin PBXTargetDependency section */
		EAFA33841A85AF19003D136A /* PBXTargetDependency */ = {
			isa = PBXTargetDependency;
			target = EAFA33681A85AF19003D136A /* LiveNationHomework1 */;
			targetProxy = EAFA33831A85AF19003D136A /* PBXContainerItemProxy */;
		};
/* End PBXTargetDependency section */

/* Begin PBXVariantGroup section */
		EAFA33761A85AF19003D136A /* Main.storyboard */ = {
			isa = PBXVariantGroup;
			children = (
				EAFA33771A85AF19003D136A /* Base */,
			);
			name = Main.storyboard;
			sourceTree = "<group>";
		};
		EAFA337B1A85AF19003D136A /* LaunchScreen.xib */ = {
			isa = PBXVariantGroup;
			children = (
				EAFA337C1A85AF19003D136A /* Base */,
			);
			name = LaunchScreen.xib;
			sourceTree = "<group>";
		};
/* End PBXVariantGroup section */

/* Begin XCBuildConfiguration section */
		EAFA338A1A85AF19003D136A /* Debug */ = {
			isa = XCBuildConfiguration;
			buildSettings = {
				ALWAYS_SEARCH_USER_PATHS = NO;
				CLANG_CXX_LANGUAGE_STANDARD = "gnu++0x";
				CLANG_CXX_LIBRARY = "libc++";
				CLANG_ENABLE_MODULES = YES;
				CLANG_ENABLE_OBJC_ARC = YES;
				CLANG_WARN_BOOL_CONVERSION = YES;
				CLANG_WARN_CONSTANT_CONVERSION = YES;
				CLANG_WARN_DIRECT_OBJC_ISA_USAGE = YES_ERROR;
				CLANG_WARN_EMPTY_BODY = YES;
				CLANG_WARN_ENUM_CONVERSION = YES;
				CLANG_WARN_INT_CONVERSION = YES;
				CLANG_WARN_OBJC_ROOT_CLASS = YES_ERROR;
				CLANG_WARN_UNREACHABLE_CODE = YES;
				CLANG_WARN__DUPLICATE_METHOD_MATCH = YES;
				"CODE_SIGN_IDENTITY[sdk=iphoneos*]" = "iPhone Developer";
				COPY_PHASE_STRIP = NO;
				ENABLE_STRICT_OBJC_MSGSEND = YES;
				GCC_C_LANGUAGE_STANDARD = gnu99;
				GCC_DYNAMIC_NO_PIC = NO;
				GCC_OPTIMIZATION_LEVEL = 0;
				GCC_PREPROCESSOR_DEFINITIONS = (
					"DEBUG=1",
					"$(inherited)",
				);
				GCC_SYMBOLS_PRIVATE_EXTERN = NO;
				GCC_WARN_64_TO_32_BIT_CONVERSION = YES;
				GCC_WARN_ABOUT_RETURN_TYPE = YES_ERROR;
				GCC_WARN_UNDECLARED_SELECTOR = YES;
				GCC_WARN_UNINITIALIZED_AUTOS = YES_AGGRESSIVE;
				GCC_WARN_UNUSED_FUNCTION = YES;
				GCC_WARN_UNUSED_VARIABLE = YES;
				IPHONEOS_DEPLOYMENT_TARGET = 8.1;
				MTL_ENABLE_DEBUG_INFO = YES;
				ONLY_ACTIVE_ARCH = YES;
				SDKROOT = iphoneos;
			};
			name = Debug;
		};
		EAFA338B1A85AF19003D136A /* Release */ = {
			isa = XCBuildConfiguration;
			buildSettings = {
				ALWAYS_SEARCH_USER_PATHS = NO;
				CLANG_CXX_LANGUAGE_STANDARD = "gnu++0x";
				CLANG_CXX_LIBRARY = "libc++";
				CLANG_ENABLE_MODULES = YES;
				CLANG_ENABLE_OBJC_ARC = YES;
				CLANG_WARN_BOOL_CONVERSION = YES;
				CLANG_WARN_CONSTANT_CONVERSION = YES;
				CLANG_WARN_DIRECT_OBJC_ISA_USAGE = YES_ERROR;
				CLANG_WARN_EMPTY_BODY = YES;
				CLANG_WARN_ENUM_CONVERSION = YES;
				CLANG_WARN_INT_CONVERSION = YES;
				CLANG_WARN_OBJC_ROOT_CLASS = YES_ERROR;
				CLANG_WARN_UNREACHABLE_CODE = YES;
				CLANG_WARN__DUPLICATE_METHOD_MATCH = YES;
				"CODE_SIGN_IDENTITY[sdk=iphoneos*]" = "iPhone Developer";
				COPY_PHASE_STRIP = YES;
				ENABLE_NS_ASSERTIONS = NO;
				ENABLE_STRICT_OBJC_MSGSEND = YES;
				GCC_C_LANGUAGE_STANDARD = gnu99;
				GCC_WARN_64_TO_32_BIT_CONVERSION = YES;
				GCC_WARN_ABOUT_RETURN_TYPE = YES_ERROR;
				GCC_WARN_UNDECLARED_SELECTOR = YES;
				GCC_WARN_UNINITIALIZED_AUTOS = YES_AGGRESSIVE;
				GCC_WARN_UNUSED_FUNCTION = YES;
				GCC_WARN_UNUSED_VARIABLE = YES;
				IPHONEOS_DEPLOYMENT_TARGET = 8.1;
				MTL_ENABLE_DEBUG_INFO = NO;
				SDKROOT = iphoneos;
				VALIDATE_PRODUCT = YES;
			};
			name = Release;
		};
		EAFA338D1A85AF19003D136A /* Debug */ = {
			isa = XCBuildConfiguration;
			buildSettings = {
				ASSETCATALOG_COMPILER_APPICON_NAME = AppIcon;
				INFOPLIST_FILE = LiveNationHomework1/Info.plist;
				LD_RUNPATH_SEARCH_PATHS = "$(inherited) @executable_path/Frameworks";
				PRODUCT_NAME = "$(TARGET_NAME)";
			};
			name = Debug;
		};
		EAFA338E1A85AF19003D136A /* Release */ = {
			isa = XCBuildConfiguration;
			buildSettings = {
				ASSETCATALOG_COMPILER_APPICON_NAME = AppIcon;
				INFOPLIST_FILE = LiveNationHomework1/Info.plist;
				LD_RUNPATH_SEARCH_PATHS = "$(inherited) @executable_path/Frameworks";
				PRODUCT_NAME = "$(TARGET_NAME)";
			};
			name = Release;
		};
		EAFA33901A85AF19003D136A /* Debug */ = {
			isa = XCBuildConfiguration;
			buildSettings = {
				BUNDLE_LOADER = "$(TEST_HOST)";
				FRAMEWORK_SEARCH_PATHS = (
					"$(SDKROOT)/Developer/Library/Frameworks",
					"$(inherited)",
				);
				GCC_PREPROCESSOR_DEFINITIONS = (
					"DEBUG=1",
					"$(inherited)",
				);
				INFOPLIST_FILE = LiveNationHomework1Tests/Info.plist;
				LD_RUNPATH_SEARCH_PATHS = "$(inherited) @executable_path/Frameworks @loader_path/Frameworks";
				PRODUCT_NAME = "$(TARGET_NAME)";
				TEST_HOST = "$(BUILT_PRODUCTS_DIR)/LiveNationHomework1.app/LiveNationHomework1";
			};
			name = Debug;
		};
		EAFA33911A85AF19003D136A /* Release */ = {
			isa = XCBuildConfiguration;
			buildSettings = {
				BUNDLE_LOADER = "$(TEST_HOST)";
				FRAMEWORK_SEARCH_PATHS = (
					"$(SDKROOT)/Developer/Library/Frameworks",
					"$(inherited)",
				);
				INFOPLIST_FILE = LiveNationHomework1Tests/Info.plist;
				LD_RUNPATH_SEARCH_PATHS = "$(inherited) @executable_path/Frameworks @loader_path/Frameworks";
				PRODUCT_NAME = "$(TARGET_NAME)";
				TEST_HOST = "$(BUILT_PRODUCTS_DIR)/LiveNationHomework1.app/LiveNationHomework1";
			};
			name = Release;
		};
/* End XCBuildConfiguration section */

/* Begin XCConfigurationList section */
		EAFA33641A85AF19003D136A /* Build configuration list for PBXProject "LiveNationHomework1" */ = {
			isa = XCConfigurationList;
			buildConfigurations = (
				EAFA338A1A85AF19003D136A /* Debug */,
				EAFA338B1A85AF19003D136A /* Release */,
			);
			defaultConfigurationIsVisible = 0;
			defaultConfigurationName = Release;
		};
		EAFA338C1A85AF19003D136A /* Build configuration list for PBXNativeTarget "LiveNationHomework1" */ = {
			isa = XCConfigurationList;
			buildConfigurations = (
				EAFA338D1A85AF19003D136A /* Debug */,
				EAFA338E1A85AF19003D136A /* Release */,
			);
			defaultConfigurationIsVisible = 0;
		};
		EAFA338F1A85AF19003D136A /* Build configuration list for PBXNativeTarget "LiveNationHomework1Tests" */ = {
			isa = XCConfigurationList;
			buildConfigurations = (
				EAFA33901A85AF19003D136A /* Debug */,
				EAFA33911A85AF19003D136A /* Release */,
			);
			defaultConfigurationIsVisible = 0;
		};
/* End XCConfigurationList section */
	};
	rootObject = EAFA33611A85AF19003D136A /* Project object */;
}
